
Microsoft Visual Studio Solution File, Format Version 12.00
# Visual Studio Version 16
VisualStudioVersion = 16.0.30320.27
MinimumVisualStudioVersion = 10.0.40219.1
Project("{FAE04EC0-301F-11D3-BF4B-00C04F79EFBC}") = "prjScrapping", "prjScrapping\prjScrapping.csproj", "{801B081F-2625-4CC9-B10D-5EB19E198EC7}"
EndProject
Global
	GlobalSection(SolutionConfigurationPlatforms) = preSolution
		Debug|Any CPU = Debug|Any CPU
		Release|Any CPU = Release|Any CPU
	EndGlobalSection
	GlobalSection(ProjectConfigurationPlatforms) = postSolution
		{801B081F-2625-4CC9-B10D-5EB19E198EC7}.Debug|Any CPU.ActiveCfg = Debug|Any CPU
		{801B081F-2625-4CC9-B10D-5EB19E198EC7}.Debug|Any CPU.Build.0 = Debug|Any CPU
		{801B081F-2625-4CC9-B10D-5EB19E198EC7}.Release|Any CPU.ActiveCfg = Release|Any CPU
		{801B081F-2625-4CC9-B10D-5EB19E198EC7}.Release|Any CPU.Build.0 = Release|Any CPU
	EndGlobalSection
	GlobalSection(SolutionProperties) = preSolution
		HideSolutionNode = FALSE
	EndGlobalSection
	GlobalSection(ExtensibilityGlobals) = postSolution
		SolutionGuid = {5774E67A-4091-4633-9368-EAFFC5211A56}
	EndGlobalSection
EndGlobal
